
Microsoft Visual Studio Solution File, Format Version 12.00
# Visual Studio Version 16
VisualStudioVersion = 16.0.29509.3
MinimumVisualStudioVersion = 10.0.40219.1
Project("{FAE04EC0-301F-11D3-BF4B-00C04F79EFBC}") = "AppointmentApi", "AppointmentApi\AppointmentApi.csproj", "{3BDBA23A-7517-477F-9320-5D8C31A4966D}"
EndProject
Global
	GlobalSection(SolutionConfigurationPlatforms) = preSolution
		Debug|Any CPU = Debug|Any CPU
		Release|Any CPU = Release|Any CPU
	EndGlobalSection
	GlobalSection(ProjectConfigurationPlatforms) = postSolution
		{3BDBA23A-7517-477F-9320-5D8C31A4966D}.Debug|Any CPU.ActiveCfg = Debug|Any CPU
		{3BDBA23A-7517-477F-9320-5D8C31A4966D}.Debug|Any CPU.Build.0 = Debug|Any CPU
		{3BDBA23A-7517-477F-9320-5D8C31A4966D}.Release|Any CPU.ActiveCfg = Release|Any CPU
		{3BDBA23A-7517-477F-9320-5D8C31A4966D}.Release|Any CPU.Build.0 = Release|Any CPU
	EndGlobalSection
	GlobalSection(SolutionProperties) = preSolution
		HideSolutionNode = FALSE
	EndGlobalSection
	GlobalSection(ExtensibilityGlobals) = postSolution
		SolutionGuid = {BBEB71E3-F954-42D1-8D37-413CB7464E18}
	EndGlobalSection
EndGlobal
